
Microsoft Visual Studio Solution File, Format Version 12.00
# Visual Studio Version 17
VisualStudioVersion = 17.9.34607.119
MinimumVisualStudioVersion = 10.0.40219.1
Project("{9A19103F-16F7-4668-BE54-9A1E7A4F7556}") = "ReferenceType", "ReferenceType\ReferenceType.csproj", "{CE561399-E693-4442-B051-E199BC34F1E0}"
EndProject
Project("{FAE04EC0-301F-11D3-BF4B-00C04F79EFBC}") = "Constructor", "Constructor\Constructor.csproj", "{C306830B-05E0-4833-84C6-86F72C2A9219}"
EndProject
Project("{FAE04EC0-301F-11D3-BF4B-00C04F79EFBC}") = "Interfaces", "Interfaces\Interfaces.csproj", "{6C46BB96-0592-48B2-9835-95099ECD1AF6}"
EndProject
Project("{FAE04EC0-301F-11D3-BF4B-00C04F79EFBC}") = "Generic", "Generic\Generic.csproj", "{2C3BD8B2-A6DA-415B-96AF-DC359868B216}"
EndProject
Global
	GlobalSection(SolutionConfigurationPlatforms) = preSolution
		Debug|Any CPU = Debug|Any CPU
		Release|Any CPU = Release|Any CPU
	EndGlobalSection
	GlobalSection(ProjectConfigurationPlatforms) = postSolution
		{CE561399-E693-4442-B051-E199BC34F1E0}.Debug|Any CPU.ActiveCfg = Debug|Any CPU
		{CE561399-E693-4442-B051-E199BC34F1E0}.Debug|Any CPU.Build.0 = Debug|Any CPU
		{CE561399-E693-4442-B051-E199BC34F1E0}.Release|Any CPU.ActiveCfg = Release|Any CPU
		{CE561399-E693-4442-B051-E199BC34F1E0}.Release|Any CPU.Build.0 = Release|Any CPU
		{C306830B-05E0-4833-84C6-86F72C2A9219}.Debug|Any CPU.ActiveCfg = Debug|Any CPU
		{C306830B-05E0-4833-84C6-86F72C2A9219}.Debug|Any CPU.Build.0 = Debug|Any CPU
		{C306830B-05E0-4833-84C6-86F72C2A9219}.Release|Any CPU.ActiveCfg = Release|Any CPU
		{C306830B-05E0-4833-84C6-86F72C2A9219}.Release|Any CPU.Build.0 = Release|Any CPU
		{6C46BB96-0592-48B2-9835-95099ECD1AF6}.Debug|Any CPU.ActiveCfg = Debug|Any CPU
		{6C46BB96-0592-48B2-9835-95099ECD1AF6}.Debug|Any CPU.Build.0 = Debug|Any CPU
		{6C46BB96-0592-48B2-9835-95099ECD1AF6}.Release|Any CPU.ActiveCfg = Release|Any CPU
		{6C46BB96-0592-48B2-9835-95099ECD1AF6}.Release|Any CPU.Build.0 = Release|Any CPU
		{2C3BD8B2-A6DA-415B-96AF-DC359868B216}.Debug|Any CPU.ActiveCfg = Debug|Any CPU
		{2C3BD8B2-A6DA-415B-96AF-DC359868B216}.Debug|Any CPU.Build.0 = Debug|Any CPU
		{2C3BD8B2-A6DA-415B-96AF-DC359868B216}.Release|Any CPU.ActiveCfg = Release|Any CPU
		{2C3BD8B2-A6DA-415B-96AF-DC359868B216}.Release|Any CPU.Build.0 = Release|Any CPU
	EndGlobalSection
	GlobalSection(SolutionProperties) = preSolution
		HideSolutionNode = FALSE
	EndGlobalSection
	GlobalSection(ExtensibilityGlobals) = postSolution
		SolutionGuid = {8D5B3A26-76B8-4E72-BC65-DD9B534F508F}
	EndGlobalSection
EndGlobal
